{
  "dependencies": {
    "firebase": {
      "version": "http://registry.npmjs.org/firebase/-/firebase-2.2.4.tgz",
      "dependencies": {
        "faye-websocket": {
          "version": "http://registry.npmjs.org/faye-websocket/-/faye-websocket-0.9.3.tgz",
          "dependencies": {
            "websocket-driver": {
              "version": "http://registry.npmjs.org/websocket-driver/-/websocket-driver-0.5.2.tgz",
              "dependencies": {
                "websocket-extensions": {
                  "version": "http://registry.npmjs.org/websocket-extensions/-/websocket-extensions-0.1.1.tgz"
                }
              }
            }
          }
        }
      }
    },
    "geofire": {
      "version": "http://registry.npmjs.org/geofire/-/geofire-3.2.2.tgz"
    },
    "rsvp": {
      "version": "http://registry.npmjs.org/rsvp/-/rsvp-3.0.18.tgz"
    }
  }
}

//good times
