{
  "dependencies": {
    "firebase": {
      "version": "2.2.4",
      "dependencies": {
        "faye-websocket": {
          "version": "0.9.3",
          "dependencies": {
            "websocket-driver": {
              "version": "0.5.2",
              "dependencies": {
                "websocket-extensions": {
                  "version": "0.1.1"
                }
              }
            }
          }
        }
      }
    },
    "geofire": {
      "version": "3.2.2"
    },
    "rsvp": {
      "version": "3.0.18"
    }
  }
}
